
Microsoft Visual Studio Solution File, Format Version 12.00
# Visual Studio Version 17
VisualStudioVersion = 17.5.002.0
MinimumVisualStudioVersion = 10.0.40219.1
Project("{9A19103F-16F7-4668-BE54-9A1E7A4F7556}") = "DemoCSharp", "DemoCSharp.csproj", "{51550566-D43B-4B8B-8BD6-22F2C1220247}"
EndProject
Project("{FAE04EC0-301F-11D3-BF4B-00C04F79EFBC}") = "OOP_demo", "OOP_demo\OOP_demo.csproj", "{EA484F74-F3FC-433E-9DC1-9A3D1CF4B9BA}"
EndProject
Project("{FAE04EC0-301F-11D3-BF4B-00C04F79EFBC}") = "OOP_demo_01", "OOP_demo_01\OOP_demo_01.csproj", "{7613EDA9-498C-49BB-BC02-A9218C5FC1F4}"
EndProject
Project("{FAE04EC0-301F-11D3-BF4B-00C04F79EFBC}") = "OOP_demo_02", "OOP_demo_02\OOP_demo_02.csproj", "{AAE276E5-5C4A-4B0C-9F56-C29F7643D6A0}"
EndProject
Project("{FAE04EC0-301F-11D3-BF4B-00C04F79EFBC}") = "Practice_01", "Practice_01\Practice_01.csproj", "{EC7655D8-3DA3-4F09-BC75-BBEDD5356995}"
EndProject
Project("{FAE04EC0-301F-11D3-BF4B-00C04F79EFBC}") = "Practice_02", "Practice_02\Practice_02.csproj", "{59D33E6E-F9FC-4178-9E25-0E59DF6779CD}"
EndProject
Project("{FAE04EC0-301F-11D3-BF4B-00C04F79EFBC}") = "Practice_03", "Practice_03\Practice_03.csproj", "{1431DF35-8DED-49ED-8F3B-47DC31E3EE12}"
EndProject
Global
	GlobalSection(SolutionConfigurationPlatforms) = preSolution
		Debug|Any CPU = Debug|Any CPU
		Release|Any CPU = Release|Any CPU
	EndGlobalSection
	GlobalSection(ProjectConfigurationPlatforms) = postSolution
		{51550566-D43B-4B8B-8BD6-22F2C1220247}.Debug|Any CPU.ActiveCfg = Debug|Any CPU
		{51550566-D43B-4B8B-8BD6-22F2C1220247}.Debug|Any CPU.Build.0 = Debug|Any CPU
		{51550566-D43B-4B8B-8BD6-22F2C1220247}.Release|Any CPU.ActiveCfg = Release|Any CPU
		{51550566-D43B-4B8B-8BD6-22F2C1220247}.Release|Any CPU.Build.0 = Release|Any CPU
		{EA484F74-F3FC-433E-9DC1-9A3D1CF4B9BA}.Debug|Any CPU.ActiveCfg = Debug|Any CPU
		{EA484F74-F3FC-433E-9DC1-9A3D1CF4B9BA}.Debug|Any CPU.Build.0 = Debug|Any CPU
		{EA484F74-F3FC-433E-9DC1-9A3D1CF4B9BA}.Release|Any CPU.ActiveCfg = Release|Any CPU
		{EA484F74-F3FC-433E-9DC1-9A3D1CF4B9BA}.Release|Any CPU.Build.0 = Release|Any CPU
		{7613EDA9-498C-49BB-BC02-A9218C5FC1F4}.Debug|Any CPU.ActiveCfg = Debug|Any CPU
		{7613EDA9-498C-49BB-BC02-A9218C5FC1F4}.Debug|Any CPU.Build.0 = Debug|Any CPU
		{7613EDA9-498C-49BB-BC02-A9218C5FC1F4}.Release|Any CPU.ActiveCfg = Release|Any CPU
		{7613EDA9-498C-49BB-BC02-A9218C5FC1F4}.Release|Any CPU.Build.0 = Release|Any CPU
		{AAE276E5-5C4A-4B0C-9F56-C29F7643D6A0}.Debug|Any CPU.ActiveCfg = Debug|Any CPU
		{AAE276E5-5C4A-4B0C-9F56-C29F7643D6A0}.Debug|Any CPU.Build.0 = Debug|Any CPU
		{AAE276E5-5C4A-4B0C-9F56-C29F7643D6A0}.Release|Any CPU.ActiveCfg = Release|Any CPU
		{AAE276E5-5C4A-4B0C-9F56-C29F7643D6A0}.Release|Any CPU.Build.0 = Release|Any CPU
		{EC7655D8-3DA3-4F09-BC75-BBEDD5356995}.Debug|Any CPU.ActiveCfg = Debug|Any CPU
		{EC7655D8-3DA3-4F09-BC75-BBEDD5356995}.Debug|Any CPU.Build.0 = Debug|Any CPU
		{EC7655D8-3DA3-4F09-BC75-BBEDD5356995}.Release|Any CPU.ActiveCfg = Release|Any CPU
		{EC7655D8-3DA3-4F09-BC75-BBEDD5356995}.Release|Any CPU.Build.0 = Release|Any CPU
		{59D33E6E-F9FC-4178-9E25-0E59DF6779CD}.Debug|Any CPU.ActiveCfg = Debug|Any CPU
		{59D33E6E-F9FC-4178-9E25-0E59DF6779CD}.Debug|Any CPU.Build.0 = Debug|Any CPU
		{59D33E6E-F9FC-4178-9E25-0E59DF6779CD}.Release|Any CPU.ActiveCfg = Release|Any CPU
		{59D33E6E-F9FC-4178-9E25-0E59DF6779CD}.Release|Any CPU.Build.0 = Release|Any CPU
		{1431DF35-8DED-49ED-8F3B-47DC31E3EE12}.Debug|Any CPU.ActiveCfg = Debug|Any CPU
		{1431DF35-8DED-49ED-8F3B-47DC31E3EE12}.Debug|Any CPU.Build.0 = Debug|Any CPU
		{1431DF35-8DED-49ED-8F3B-47DC31E3EE12}.Release|Any CPU.ActiveCfg = Release|Any CPU
		{1431DF35-8DED-49ED-8F3B-47DC31E3EE12}.Release|Any CPU.Build.0 = Release|Any CPU
	EndGlobalSection
	GlobalSection(SolutionProperties) = preSolution
		HideSolutionNode = FALSE
	EndGlobalSection
	GlobalSection(ExtensibilityGlobals) = postSolution
		SolutionGuid = {C0372DF9-AF06-4867-A72D-9D50A62ADB96}
	EndGlobalSection
EndGlobal
